// !$*UTF8*$!
{
	archiveVersion = 1;
	classes = {
	};
	objectVersion = 50;
	objects = {

/* Begin PBXBuildFile section */
		EB66982A26710733008F637C /* AppDelegate.swift in Sources */ = {isa = PBXBuildFile; fileRef = EB66982926710733008F637C /* AppDelegate.swift */; };
		EB66982C26710733008F637C /* SceneDelegate.swift in Sources */ = {isa = PBXBuildFile; fileRef = EB66982B26710733008F637C /* SceneDelegate.swift */; };
		EB66983126710733008F637C /* Main.storyboard in Resources */ = {isa = PBXBuildFile; fileRef = EB66982F26710733008F637C /* Main.storyboard */; };
		EB66983326710734008F637C /* Assets.xcassets in Resources */ = {isa = PBXBuildFile; fileRef = EB66983226710734008F637C /* Assets.xcassets */; };
		EB66983626710734008F637C /* LaunchScreen.storyboard in Resources */ = {isa = PBXBuildFile; fileRef = EB66983426710734008F637C /* LaunchScreen.storyboard */; };
		EB66984126710735008F637C /* ProtocolTests.swift in Sources */ = {isa = PBXBuildFile; fileRef = EB66984026710735008F637C /* ProtocolTests.swift */; };
		EB66984C26710735008F637C /* ProtocolUITests.swift in Sources */ = {isa = PBXBuildFile; fileRef = EB66984B26710735008F637C /* ProtocolUITests.swift */; };
		EB807CEC26763B5800740993 /* UserViewController.swift in Sources */ = {isa = PBXBuildFile; fileRef = EB807CEB26763B5800740993 /* UserViewController.swift */; };
		EB807CEE26763B6300740993 /* UserPresenter.swift in Sources */ = {isa = PBXBuildFile; fileRef = EB807CED26763B6300740993 /* UserPresenter.swift */; };
		EB807CF026763B8000740993 /* Interactor.swift in Sources */ = {isa = PBXBuildFile; fileRef = EB807CEF26763B8000740993 /* Interactor.swift */; };
		EB807CF226763D3F00740993 /* Model.swift in Sources */ = {isa = PBXBuildFile; fileRef = EB807CF126763D3F00740993 /* Model.swift */; };
/* End PBXBuildFile section */

/* Begin PBXContainerItemProxy section */
		EB66983D26710735008F637C /* PBXContainerItemProxy */ = {
			isa = PBXContainerItemProxy;
			containerPortal = EB66981E26710733008F637C /* Project object */;
			proxyType = 1;
			remoteGlobalIDString = EB66982526710733008F637C;
			remoteInfo = Protocol;
		};
		EB66984826710735008F637C /* PBXContainerItemProxy */ = {
			isa = PBXContainerItemProxy;
			containerPortal = EB66981E26710733008F637C /* Project object */;
			proxyType = 1;
			remoteGlobalIDString = EB66982526710733008F637C;
			remoteInfo = Protocol;
		};
/* End PBXContainerItemProxy section */

/* Begin PBXFileReference section */
		EB66982626710733008F637C /* Protocol.app */ = {isa = PBXFileReference; explicitFileType = wrapper.application; includeInIndex = 0; path = Protocol.app; sourceTree = BUILT_PRODUCTS_DIR; };
		EB66982926710733008F637C /* AppDelegate.swift */ = {isa = PBXFileReference; lastKnownFileType = sourcecode.swift; path = AppDelegate.swift; sourceTree = "<group>"; };
		EB66982B26710733008F637C /* SceneDelegate.swift */ = {isa = PBXFileReference; lastKnownFileType = sourcecode.swift; path = SceneDelegate.swift; sourceTree = "<group>"; };
		EB66983026710733008F637C /* Base */ = {isa = PBXFileReference; lastKnownFileType = file.storyboard; name = Base; path = Base.lproj/Main.storyboard; sourceTree = "<group>"; };
		EB66983226710734008F637C /* Assets.xcassets */ = {isa = PBXFileReference; lastKnownFileType = folder.assetcatalog; path = Assets.xcassets; sourceTree = "<group>"; };
		EB66983526710734008F637C /* Base */ = {isa = PBXFileReference; lastKnownFileType = file.storyboard; name = Base; path = Base.lproj/LaunchScreen.storyboard; sourceTree = "<group>"; };
		EB66983726710734008F637C /* Info.plist */ = {isa = PBXFileReference; lastKnownFileType = text.plist.xml; path = Info.plist; sourceTree = "<group>"; };
		EB66983C26710735008F637C /* ProtocolTests.xctest */ = {isa = PBXFileReference; explicitFileType = wrapper.cfbundle; includeInIndex = 0; path = ProtocolTests.xctest; sourceTree = BUILT_PRODUCTS_DIR; };
		EB66984026710735008F637C /* ProtocolTests.swift */ = {isa = PBXFileReference; lastKnownFileType = sourcecode.swift; path = ProtocolTests.swift; sourceTree = "<group>"; };
		EB66984226710735008F637C /* Info.plist */ = {isa = PBXFileReference; lastKnownFileType = text.plist.xml; path = Info.plist; sourceTree = "<group>"; };
		EB66984726710735008F637C /* ProtocolUITests.xctest */ = {isa = PBXFileReference; explicitFileType = wrapper.cfbundle; includeInIndex = 0; path = ProtocolUITests.xctest; sourceTree = BUILT_PRODUCTS_DIR; };
		EB66984B26710735008F637C /* ProtocolUITests.swift */ = {isa = PBXFileReference; lastKnownFileType = sourcecode.swift; path = ProtocolUITests.swift; sourceTree = "<group>"; };
		EB66984D26710735008F637C /* Info.plist */ = {isa = PBXFileReference; lastKnownFileType = text.plist.xml; path = Info.plist; sourceTree = "<group>"; };
		EB807CEB26763B5800740993 /* UserViewController.swift */ = {isa = PBXFileReference; lastKnownFileType = sourcecode.swift; path = UserViewController.swift; sourceTree = "<group>"; };
		EB807CED26763B6300740993 /* UserPresenter.swift */ = {isa = PBXFileReference; lastKnownFileType = sourcecode.swift; path = UserPresenter.swift; sourceTree = "<group>"; };
		EB807CEF26763B8000740993 /* Interactor.swift */ = {isa = PBXFileReference; lastKnownFileType = sourcecode.swift; path = Interactor.swift; sourceTree = "<group>"; };
		EB807CF126763D3F00740993 /* Model.swift */ = {isa = PBXFileReference; lastKnownFileType = sourcecode.swift; path = Model.swift; sourceTree = "<group>"; };
/* End PBXFileReference section */

/* Begin PBXFrameworksBuildPhase section */
		EB66982326710733008F637C /* Frameworks */ = {
			isa = PBXFrameworksBuildPhase;
			buildActionMask = 2147483647;
			files = (
			);
			runOnlyForDeploymentPostprocessing = 0;
		};
		EB66983926710735008F637C /* Frameworks */ = {
			isa = PBXFrameworksBuildPhase;
			buildActionMask = 2147483647;
			files = (
			);
			runOnlyForDeploymentPostprocessing = 0;
		};
		EB66984426710735008F637C /* Frameworks */ = {
			isa = PBXFrameworksBuildPhase;
			buildActionMask = 2147483647;
			files = (
			);
			runOnlyForDeploymentPostprocessing = 0;
		};
/* End PBXFrameworksBuildPhase section */

/* Begin PBXGroup section */
		EB66981D26710733008F637C = {
			isa = PBXGroup;
			children = (
				EB66982826710733008F637C /* Protocol */,
				EB66983F26710735008F637C /* ProtocolTests */,
				EB66984A26710735008F637C /* ProtocolUITests */,
				EB66982726710733008F637C /* Products */,
			);
			sourceTree = "<group>";
		};
		EB66982726710733008F637C /* Products */ = {
			isa = PBXGroup;
			children = (
				EB66982626710733008F637C /* Protocol.app */,
				EB66983C26710735008F637C /* ProtocolTests.xctest */,
				EB66984726710735008F637C /* ProtocolUITests.xctest */,
			);
			name = Products;
			sourceTree = "<group>";
		};
		EB66982826710733008F637C /* Protocol */ = {
			isa = PBXGroup;
			children = (
				EB66982926710733008F637C /* AppDelegate.swift */,
				EB66982B26710733008F637C /* SceneDelegate.swift */,
				EB807CEB26763B5800740993 /* UserViewController.swift */,
				EB807CED26763B6300740993 /* UserPresenter.swift */,
				EB807CEF26763B8000740993 /* Interactor.swift */,
				EB807CF126763D3F00740993 /* Model.swift */,
				EB66982F26710733008F637C /* Main.storyboard */,
				EB66983226710734008F637C /* Assets.xcassets */,
				EB66983426710734008F637C /* LaunchScreen.storyboard */,
				EB66983726710734008F637C /* Info.plist */,
			);
			path = Protocol;
			sourceTree = "<group>";
		};
		EB66983F26710735008F637C /* ProtocolTests */ = {
			isa = PBXGroup;
			children = (
				EB66984026710735008F637C /* ProtocolTests.swift */,
				EB66984226710735008F637C /* Info.plist */,
			);
			path = ProtocolTests;
			sourceTree = "<group>";
		};
		EB66984A26710735008F637C /* ProtocolUITests */ = {
			isa = PBXGroup;
			children = (
				EB66984B26710735008F637C /* ProtocolUITests.swift */,
				EB66984D26710735008F637C /* Info.plist */,
			);
			path = ProtocolUITests;
			sourceTree = "<group>";
		};
/* End PBXGroup section */

/* Begin PBXNativeTarget section */
		EB66982526710733008F637C /* Protocol */ = {
			isa = PBXNativeTarget;
			buildConfigurationList = EB66985026710735008F637C /* Build configuration list for PBXNativeTarget "Protocol" */;
			buildPhases = (
				EB66982226710733008F637C /* Sources */,
				EB66982326710733008F637C /* Frameworks */,
				EB66982426710733008F637C /* Resources */,
			);
			buildRules = (
			);
			dependencies = (
			);
			name = Protocol;
			productName = Protocol;
			productReference = EB66982626710733008F637C /* Protocol.app */;
			productType = "com.apple.product-type.application";
		};
		EB66983B26710735008F637C /* ProtocolTests */ = {
			isa = PBXNativeTarget;
			buildConfigurationList = EB66985326710735008F637C /* Build configuration list for PBXNativeTarget "ProtocolTests" */;
			buildPhases = (
				EB66983826710735008F637C /* Sources */,
				EB66983926710735008F637C /* Frameworks */,
				EB66983A26710735008F637C /* Resources */,
			);
			buildRules = (
			);
			dependencies = (
				EB66983E26710735008F637C /* PBXTargetDependency */,
			);
			name = ProtocolTests;
			productName = ProtocolTests;
			productReference = EB66983C26710735008F637C /* ProtocolTests.xctest */;
			productType = "com.apple.product-type.bundle.unit-test";
		};
		EB66984626710735008F637C /* ProtocolUITests */ = {
			isa = PBXNativeTarget;
			buildConfigurationList = EB66985626710735008F637C /* Build configuration list for PBXNativeTarget "ProtocolUITests" */;
			buildPhases = (
				EB66984326710735008F637C /* Sources */,
				EB66984426710735008F637C /* Frameworks */,
				EB66984526710735008F637C /* Resources */,
			);
			buildRules = (
			);
			dependencies = (
				EB66984926710735008F637C /* PBXTargetDependency */,
			);
			name = ProtocolUITests;
			productName = ProtocolUITests;
			productReference = EB66984726710735008F637C /* ProtocolUITests.xctest */;
			productType = "com.apple.product-type.bundle.ui-testing";
		};
/* End PBXNativeTarget section */

/* Begin PBXProject section */
		EB66981E26710733008F637C /* Project object */ = {
			isa = PBXProject;
			attributes = {
				LastSwiftUpdateCheck = 1250;
				LastUpgradeCheck = 1250;
				TargetAttributes = {
					EB66982526710733008F637C = {
						CreatedOnToolsVersion = 12.5;
					};
					EB66983B26710735008F637C = {
						CreatedOnToolsVersion = 12.5;
						TestTargetID = EB66982526710733008F637C;
					};
					EB66984626710735008F637C = {
						CreatedOnToolsVersion = 12.5;
						TestTargetID = EB66982526710733008F637C;
					};
				};
			};
			buildConfigurationList = EB66982126710733008F637C /* Build configuration list for PBXProject "Protocol" */;
			compatibilityVersion = "Xcode 9.3";
			developmentRegion = en;
			hasScannedForEncodings = 0;
			knownRegions = (
				en,
				Base,
			);
			mainGroup = EB66981D26710733008F637C;
			productRefGroup = EB66982726710733008F637C /* Products */;
			projectDirPath = "";
			projectRoot = "";
			targets = (
				EB66982526710733008F637C /* Protocol */,
				EB66983B26710735008F637C /* ProtocolTests */,
				EB66984626710735008F637C /* ProtocolUITests */,
			);
		};
/* End PBXProject section */

/* Begin PBXResourcesBuildPhase section */
		EB66982426710733008F637C /* Resources */ = {
			isa = PBXResourcesBuildPhase;
			buildActionMask = 2147483647;
			files = (
				EB66983626710734008F637C /* LaunchScreen.storyboard in Resources */,
				EB66983326710734008F637C /* Assets.xcassets in Resources */,
				EB66983126710733008F637C /* Main.storyboard in Resources */,
			);
			runOnlyForDeploymentPostprocessing = 0;
		};
		EB66983A26710735008F637C /* Resources */ = {
			isa = PBXResourcesBuildPhase;
			buildActionMask = 2147483647;
			files = (
			);
			runOnlyForDeploymentPostprocessing = 0;
		};
		EB66984526710735008F637C /* Resources */ = {
			isa = PBXResourcesBuildPhase;
			buildActionMask = 2147483647;
			files = (
			);
			runOnlyForDeploymentPostprocessing = 0;
		};
/* End PBXResourcesBuildPhase section */

/* Begin PBXSourcesBuildPhase section */
		EB66982226710733008F637C /* Sources */ = {
			isa = PBXSourcesBuildPhase;
			buildActionMask = 2147483647;
			files = (
				EB66982A26710733008F637C /* AppDelegate.swift in Sources */,
				EB807CF226763D3F00740993 /* Model.swift in Sources */,
				EB807CEE26763B6300740993 /* UserPresenter.swift in Sources */,
				EB807CF026763B8000740993 /* Interactor.swift in Sources */,
				EB807CEC26763B5800740993 /* UserViewController.swift in Sources */,
				EB66982C26710733008F637C /* SceneDelegate.swift in Sources */,
			);
			runOnlyForDeploymentPostprocessing = 0;
		};
		EB66983826710735008F637C /* Sources */ = {
			isa = PBXSourcesBuildPhase;
			buildActionMask = 2147483647;
			files = (
				EB66984126710735008F637C /* ProtocolTests.swift in Sources */,
			);
			runOnlyForDeploymentPostprocessing = 0;
		};
		EB66984326710735008F637C /* Sources */ = {
			isa = PBXSourcesBuildPhase;
			buildActionMask = 2147483647;
			files = (
				EB66984C26710735008F637C /* ProtocolUITests.swift in Sources */,
			);
			runOnlyForDeploymentPostprocessing = 0;
		};
/* End PBXSourcesBuildPhase section */

/* Begin PBXTargetDependency section */
		EB66983E26710735008F637C /* PBXTargetDependency */ = {
			isa = PBXTargetDependency;
			target = EB66982526710733008F637C /* Protocol */;
			targetProxy = EB66983D26710735008F637C /* PBXContainerItemProxy */;
		};
		EB66984926710735008F637C /* PBXTargetDependency */ = {
			isa = PBXTargetDependency;
			target = EB66982526710733008F637C /* Protocol */;
			targetProxy = EB66984826710735008F637C /* PBXContainerItemProxy */;
		};
/* End PBXTargetDependency section */

/* Begin PBXVariantGroup section */
		EB66982F26710733008F637C /* Main.storyboard */ = {
			isa = PBXVariantGroup;
			children = (
				EB66983026710733008F637C /* Base */,
			);
			name = Main.storyboard;
			sourceTree = "<group>";
		};
		EB66983426710734008F637C /* LaunchScreen.storyboard */ = {
			isa = PBXVariantGroup;
			children = (
				EB66983526710734008F637C /* Base */,
			);
			name = LaunchScreen.storyboard;
			sourceTree = "<group>";
		};
/* End PBXVariantGroup section */

/* Begin XCBuildConfiguration section */
		EB66984E26710735008F637C /* Debug */ = {
			isa = XCBuildConfiguration;
			buildSettings = {
				ALWAYS_SEARCH_USER_PATHS = NO;
				CLANG_ANALYZER_NONNULL = YES;
				CLANG_ANALYZER_NUMBER_OBJECT_CONVERSION = YES_AGGRESSIVE;
				CLANG_CXX_LANGUAGE_STANDARD = "gnu++14";
				CLANG_CXX_LIBRARY = "libc++";
				CLANG_ENABLE_MODULES = YES;
				CLANG_ENABLE_OBJC_ARC = YES;
				CLANG_ENABLE_OBJC_WEAK = YES;
				CLANG_WARN_BLOCK_CAPTURE_AUTORELEASING = YES;
				CLANG_WARN_BOOL_CONVERSION = YES;
				CLANG_WARN_COMMA = YES;
				CLANG_WARN_CONSTANT_CONVERSION = YES;
				CLANG_WARN_DEPRECATED_OBJC_IMPLEMENTATIONS = YES;
				CLANG_WARN_DIRECT_OBJC_ISA_USAGE = YES_ERROR;
				CLANG_WARN_DOCUMENTATION_COMMENTS = YES;
				CLANG_WARN_EMPTY_BODY = YES;
				CLANG_WARN_ENUM_CONVERSION = YES;
				CLANG_WARN_INFINITE_RECURSION = YES;
				CLANG_WARN_INT_CONVERSION = YES;
				CLANG_WARN_NON_LITERAL_NULL_CONVERSION = YES;
				CLANG_WARN_OBJC_IMPLICIT_RETAIN_SELF = YES;
				CLANG_WARN_OBJC_LITERAL_CONVERSION = YES;
				CLANG_WARN_OBJC_ROOT_CLASS = YES_ERROR;
				CLANG_WARN_QUOTED_INCLUDE_IN_FRAMEWORK_HEADER = YES;
				CLANG_WARN_RANGE_LOOP_ANALYSIS = YES;
				CLANG_WARN_STRICT_PROTOTYPES = YES;
				CLANG_WARN_SUSPICIOUS_MOVE = YES;
				CLANG_WARN_UNGUARDED_AVAILABILITY = YES_AGGRESSIVE;
				CLANG_WARN_UNREACHABLE_CODE = YES;
				CLANG_WARN__DUPLICATE_METHOD_MATCH = YES;
				COPY_PHASE_STRIP = NO;
				DEBUG_INFORMATION_FORMAT = dwarf;
				ENABLE_STRICT_OBJC_MSGSEND = YES;
				ENABLE_TESTABILITY = YES;
				GCC_C_LANGUAGE_STANDARD = gnu11;
				GCC_DYNAMIC_NO_PIC = NO;
				GCC_NO_COMMON_BLOCKS = YES;
				GCC_OPTIMIZATION_LEVEL = 0;
				GCC_PREPROCESSOR_DEFINITIONS = (
					"DEBUG=1",
					"$(inherited)",
				);
				GCC_WARN_64_TO_32_BIT_CONVERSION = YES;
				GCC_WARN_ABOUT_RETURN_TYPE = YES_ERROR;
				GCC_WARN_UNDECLARED_SELECTOR = YES;
				GCC_WARN_UNINITIALIZED_AUTOS = YES_AGGRESSIVE;
				GCC_WARN_UNUSED_FUNCTION = YES;
				GCC_WARN_UNUSED_VARIABLE = YES;
				IPHONEOS_DEPLOYMENT_TARGET = 14.5;
				MTL_ENABLE_DEBUG_INFO = INCLUDE_SOURCE;
				MTL_FAST_MATH = YES;
				ONLY_ACTIVE_ARCH = YES;
				SDKROOT = iphoneos;
				SWIFT_ACTIVE_COMPILATION_CONDITIONS = DEBUG;
				SWIFT_OPTIMIZATION_LEVEL = "-Onone";
			};
			name = Debug;
		};
		EB66984F26710735008F637C /* Release */ = {
			isa = XCBuildConfiguration;
			buildSettings = {
				ALWAYS_SEARCH_USER_PATHS = NO;
				CLANG_ANALYZER_NONNULL = YES;
				CLANG_ANALYZER_NUMBER_OBJECT_CONVERSION = YES_AGGRESSIVE;
				CLANG_CXX_LANGUAGE_STANDARD = "gnu++14";
				CLANG_CXX_LIBRARY = "libc++";
				CLANG_ENABLE_MODULES = YES;
				CLANG_ENABLE_OBJC_ARC = YES;
				CLANG_ENABLE_OBJC_WEAK = YES;
				CLANG_WARN_BLOCK_CAPTURE_AUTORELEASING = YES;
				CLANG_WARN_BOOL_CONVERSION = YES;
				CLANG_WARN_COMMA = YES;
				CLANG_WARN_CONSTANT_CONVERSION = YES;
				CLANG_WARN_DEPRECATED_OBJC_IMPLEMENTATIONS = YES;
				CLANG_WARN_DIRECT_OBJC_ISA_USAGE = YES_ERROR;
				CLANG_WARN_DOCUMENTATION_COMMENTS = YES;
				CLANG_WARN_EMPTY_BODY = YES;
				CLANG_WARN_ENUM_CONVERSION = YES;
				CLANG_WARN_INFINITE_RECURSION = YES;
				CLANG_WARN_INT_CONVERSION = YES;
				CLANG_WARN_NON_LITERAL_NULL_CONVERSION = YES;
				CLANG_WARN_OBJC_IMPLICIT_RETAIN_SELF = YES;
				CLANG_WARN_OBJC_LITERAL_CONVERSION = YES;
				CLANG_WARN_OBJC_ROOT_CLASS = YES_ERROR;
				CLANG_WARN_QUOTED_INCLUDE_IN_FRAMEWORK_HEADER = YES;
				CLANG_WARN_RANGE_LOOP_ANALYSIS = YES;
				CLANG_WARN_STRICT_PROTOTYPES = YES;
				CLANG_WARN_SUSPICIOUS_MOVE = YES;
				CLANG_WARN_UNGUARDED_AVAILABILITY = YES_AGGRESSIVE;
				CLANG_WARN_UNREACHABLE_CODE = YES;
				CLANG_WARN__DUPLICATE_METHOD_MATCH = YES;
				COPY_PHASE_STRIP = NO;
				DEBUG_INFORMATION_FORMAT = "dwarf-with-dsym";
				ENABLE_NS_ASSERTIONS = NO;
				ENABLE_STRICT_OBJC_MSGSEND = YES;
				GCC_C_LANGUAGE_STANDARD = gnu11;
				GCC_NO_COMMON_BLOCKS = YES;
				GCC_WARN_64_TO_32_BIT_CONVERSION = YES;
				GCC_WARN_ABOUT_RETURN_TYPE = YES_ERROR;
				GCC_WARN_UNDECLARED_SELECTOR = YES;
				GCC_WARN_UNINITIALIZED_AUTOS = YES_AGGRESSIVE;
				GCC_WARN_UNUSED_FUNCTION = YES;
				GCC_WARN_UNUSED_VARIABLE = YES;
				IPHONEOS_DEPLOYMENT_TARGET = 14.5;
				MTL_ENABLE_DEBUG_INFO = NO;
				MTL_FAST_MATH = YES;
				SDKROOT = iphoneos;
				SWIFT_COMPILATION_MODE = wholemodule;
				SWIFT_OPTIMIZATION_LEVEL = "-O";
				VALIDATE_PRODUCT = YES;
			};
			name = Release;
		};
		EB66985126710735008F637C /* Debug */ = {
			isa = XCBuildConfiguration;
			buildSettings = {
				ASSETCATALOG_COMPILER_APPICON_NAME = AppIcon;
				ASSETCATALOG_COMPILER_GLOBAL_ACCENT_COLOR_NAME = AccentColor;
				CODE_SIGN_STYLE = Automatic;
				INFOPLIST_FILE = Protocol/Info.plist;
				LD_RUNPATH_SEARCH_PATHS = (
					"$(inherited)",
					"@executable_path/Frameworks",
				);
				PRODUCT_BUNDLE_IDENTIFIER = com.LIAM.Protocol;
				PRODUCT_NAME = "$(TARGET_NAME)";
				SWIFT_VERSION = 5.0;
				TARGETED_DEVICE_FAMILY = "1,2";
			};
			name = Debug;
		};
		EB66985226710735008F637C /* Release */ = {
			isa = XCBuildConfiguration;
			buildSettings = {
				ASSETCATALOG_COMPILER_APPICON_NAME = AppIcon;
				ASSETCATALOG_COMPILER_GLOBAL_ACCENT_COLOR_NAME = AccentColor;
				CODE_SIGN_STYLE = Automatic;
				INFOPLIST_FILE = Protocol/Info.plist;
				LD_RUNPATH_SEARCH_PATHS = (
					"$(inherited)",
					"@executable_path/Frameworks",
				);
				PRODUCT_BUNDLE_IDENTIFIER = com.LIAM.Protocol;
				PRODUCT_NAME = "$(TARGET_NAME)";
				SWIFT_VERSION = 5.0;
				TARGETED_DEVICE_FAMILY = "1,2";
			};
			name = Release;
		};
		EB66985426710735008F637C /* Debug */ = {
			isa = XCBuildConfiguration;
			buildSettings = {
				ALWAYS_EMBED_SWIFT_STANDARD_LIBRARIES = YES;
				BUNDLE_LOADER = "$(TEST_HOST)";
				CODE_SIGN_STYLE = Automatic;
				INFOPLIST_FILE = ProtocolTests/Info.plist;
				IPHONEOS_DEPLOYMENT_TARGET = 14.5;
				LD_RUNPATH_SEARCH_PATHS = (
					"$(inherited)",
					"@executable_path/Frameworks",
					"@loader_path/Frameworks",
				);
				PRODUCT_BUNDLE_IDENTIFIER = com.LIAM.ProtocolTests;
				PRODUCT_NAME = "$(TARGET_NAME)";
				SWIFT_VERSION = 5.0;
				TARGETED_DEVICE_FAMILY = "1,2";
				TEST_HOST = "$(BUILT_PRODUCTS_DIR)/Protocol.app/Protocol";
			};
			name = Debug;
		};
		EB66985526710735008F637C /* Release */ = {
			isa = XCBuildConfiguration;
			buildSettings = {
				ALWAYS_EMBED_SWIFT_STANDARD_LIBRARIES = YES;
				BUNDLE_LOADER = "$(TEST_HOST)";
				CODE_SIGN_STYLE = Automatic;
				INFOPLIST_FILE = ProtocolTests/Info.plist;
				IPHONEOS_DEPLOYMENT_TARGET = 14.5;
				LD_RUNPATH_SEARCH_PATHS = (
					"$(inherited)",
					"@executable_path/Frameworks",
					"@loader_path/Frameworks",
				);
				PRODUCT_BUNDLE_IDENTIFIER = com.LIAM.ProtocolTests;
				PRODUCT_NAME = "$(TARGET_NAME)";
				SWIFT_VERSION = 5.0;
				TARGETED_DEVICE_FAMILY = "1,2";
				TEST_HOST = "$(BUILT_PRODUCTS_DIR)/Protocol.app/Protocol";
			};
			name = Release;
		};
		EB66985726710735008F637C /* Debug */ = {
			isa = XCBuildConfiguration;
			buildSettings = {
				ALWAYS_EMBED_SWIFT_STANDARD_LIBRARIES = YES;
				CODE_SIGN_STYLE = Automatic;
				INFOPLIST_FILE = ProtocolUITests/Info.plist;
				LD_RUNPATH_SEARCH_PATHS = (
					"$(inherited)",
					"@executable_path/Frameworks",
					"@loader_path/Frameworks",
				);
				PRODUCT_BUNDLE_IDENTIFIER = com.LIAM.ProtocolUITests;
				PRODUCT_NAME = "$(TARGET_NAME)";
				SWIFT_VERSION = 5.0;
				TARGETED_DEVICE_FAMILY = "1,2";
				TEST_TARGET_NAME = Protocol;
			};
			name = Debug;
		};
		EB66985826710735008F637C /* Release */ = {
			isa = XCBuildConfiguration;
			buildSettings = {
				ALWAYS_EMBED_SWIFT_STANDARD_LIBRARIES = YES;
				CODE_SIGN_STYLE = Automatic;
				INFOPLIST_FILE = ProtocolUITests/Info.plist;
				LD_RUNPATH_SEARCH_PATHS = (
					"$(inherited)",
					"@executable_path/Frameworks",
					"@loader_path/Frameworks",
				);
				PRODUCT_BUNDLE_IDENTIFIER = com.LIAM.ProtocolUITests;
				PRODUCT_NAME = "$(TARGET_NAME)";
				SWIFT_VERSION = 5.0;
				TARGETED_DEVICE_FAMILY = "1,2";
				TEST_TARGET_NAME = Protocol;
			};
			name = Release;
		};
/* End XCBuildConfiguration section */

/* Begin XCConfigurationList section */
		EB66982126710733008F637C /* Build configuration list for PBXProject "Protocol" */ = {
			isa = XCConfigurationList;
			buildConfigurations = (
				EB66984E26710735008F637C /* Debug */,
				EB66984F26710735008F637C /* Release */,
			);
			defaultConfigurationIsVisible = 0;
			defaultConfigurationName = Release;
		};
		EB66985026710735008F637C /* Build configuration list for PBXNativeTarget "Protocol" */ = {
			isa = XCConfigurationList;
			buildConfigurations = (
				EB66985126710735008F637C /* Debug */,
				EB66985226710735008F637C /* Release */,
			);
			defaultConfigurationIsVisible = 0;
			defaultConfigurationName = Release;
		};
		EB66985326710735008F637C /* Build configuration list for PBXNativeTarget "ProtocolTests" */ = {
			isa = XCConfigurationList;
			buildConfigurations = (
				EB66985426710735008F637C /* Debug */,
				EB66985526710735008F637C /* Release */,
			);
			defaultConfigurationIsVisible = 0;
			defaultConfigurationName = Release;
		};
		EB66985626710735008F637C /* Build configuration list for PBXNativeTarget "ProtocolUITests" */ = {
			isa = XCConfigurationList;
			buildConfigurations = (
				EB66985726710735008F637C /* Debug */,
				EB66985826710735008F637C /* Release */,
			);
			defaultConfigurationIsVisible = 0;
			defaultConfigurationName = Release;
		};
/* End XCConfigurationList section */
	};
	rootObject = EB66981E26710733008F637C /* Project object */;
}
